// !$*UTF8*$!
{
	archiveVersion = 1;
	classes = {
	};
	objectVersion = 46;
	objects = {

/* Begin PBXBuildFile section */
		87357E811E505ACB00391157 /* ImageDownloadManager.swift in Sources */ = {isa = PBXBuildFile; fileRef = 87357E7F1E505ACB00391157 /* ImageDownloadManager.swift */; };
		87357E821E505ACB00391157 /* UIImageView+AsyncLoad.swift in Sources */ = {isa = PBXBuildFile; fileRef = 87357E801E505ACB00391157 /* UIImageView+AsyncLoad.swift */; };
		87551DAF1DF0259500930A88 /* AppDelegate.swift in Sources */ = {isa = PBXBuildFile; fileRef = 87551DAE1DF0259500930A88 /* AppDelegate.swift */; };
		87551DB41DF0259500930A88 /* Main.storyboard in Resources */ = {isa = PBXBuildFile; fileRef = 87551DB21DF0259500930A88 /* Main.storyboard */; };
		87551DB61DF0259500930A88 /* Assets.xcassets in Resources */ = {isa = PBXBuildFile; fileRef = 87551DB51DF0259500930A88 /* Assets.xcassets */; };
		87551DB91DF0259500930A88 /* LaunchScreen.storyboard in Resources */ = {isa = PBXBuildFile; fileRef = 87551DB71DF0259500930A88 /* LaunchScreen.storyboard */; };
		87551DC11DF0274800930A88 /* DataManager.swift in Sources */ = {isa = PBXBuildFile; fileRef = 87551DC01DF0274800930A88 /* DataManager.swift */; };
		87551DC51DF02DA900930A88 /* ImageViewCell.swift in Sources */ = {isa = PBXBuildFile; fileRef = 87551DC41DF02DA900930A88 /* ImageViewCell.swift */; };
		87551DC71DF02DEF00930A88 /* ImagesCollectionViewController.swift in Sources */ = {isa = PBXBuildFile; fileRef = 87551DC61DF02DEF00930A88 /* ImagesCollectionViewController.swift */; };
/* End PBXBuildFile section */

/* Begin PBXFileReference section */
		87357E7F1E505ACB00391157 /* ImageDownloadManager.swift */ = {isa = PBXFileReference; fileEncoding = 4; lastKnownFileType = sourcecode.swift; path = ImageDownloadManager.swift; sourceTree = "<group>"; };
		87357E801E505ACB00391157 /* UIImageView+AsyncLoad.swift */ = {isa = PBXFileReference; fileEncoding = 4; lastKnownFileType = sourcecode.swift; path = "UIImageView+AsyncLoad.swift"; sourceTree = "<group>"; };
		87551DAB1DF0259500930A88 /* DownloadImagesSample.app */ = {isa = PBXFileReference; explicitFileType = wrapper.application; includeInIndex = 0; path = DownloadImagesSample.app; sourceTree = BUILT_PRODUCTS_DIR; };
		87551DAE1DF0259500930A88 /* AppDelegate.swift */ = {isa = PBXFileReference; lastKnownFileType = sourcecode.swift; path = AppDelegate.swift; sourceTree = "<group>"; };
		87551DB31DF0259500930A88 /* Base */ = {isa = PBXFileReference; lastKnownFileType = file.storyboard; name = Base; path = Base.lproj/Main.storyboard; sourceTree = "<group>"; };
		87551DB51DF0259500930A88 /* Assets.xcassets */ = {isa = PBXFileReference; lastKnownFileType = folder.assetcatalog; path = Assets.xcassets; sourceTree = "<group>"; };
		87551DB81DF0259500930A88 /* Base */ = {isa = PBXFileReference; lastKnownFileType = file.storyboard; name = Base; path = Base.lproj/LaunchScreen.storyboard; sourceTree = "<group>"; };
		87551DBA1DF0259500930A88 /* Info.plist */ = {isa = PBXFileReference; lastKnownFileType = text.plist.xml; path = Info.plist; sourceTree = "<group>"; };
		87551DC01DF0274800930A88 /* DataManager.swift */ = {isa = PBXFileReference; fileEncoding = 4; lastKnownFileType = sourcecode.swift; path = DataManager.swift; sourceTree = "<group>"; };
		87551DC41DF02DA900930A88 /* ImageViewCell.swift */ = {isa = PBXFileReference; fileEncoding = 4; lastKnownFileType = sourcecode.swift; name = ImageViewCell.swift; path = ../ImageViewCell.swift; sourceTree = "<group>"; };
		87551DC61DF02DEF00930A88 /* ImagesCollectionViewController.swift */ = {isa = PBXFileReference; fileEncoding = 4; lastKnownFileType = sourcecode.swift; path = ImagesCollectionViewController.swift; sourceTree = "<group>"; };
/* End PBXFileReference section */

/* Begin PBXFrameworksBuildPhase section */
		87551DA81DF0259500930A88 /* Frameworks */ = {
			isa = PBXFrameworksBuildPhase;
			buildActionMask = 2147483647;
			files = (
			);
			runOnlyForDeploymentPostprocessing = 0;
		};
/* End PBXFrameworksBuildPhase section */

/* Begin PBXGroup section */
		87357E7E1E505ACB00391157 /* UIImageView+AsyncLoad */ = {
			isa = PBXGroup;
			children = (
				87357E7F1E505ACB00391157 /* ImageDownloadManager.swift */,
				87357E801E505ACB00391157 /* UIImageView+AsyncLoad.swift */,
			);
			name = "UIImageView+AsyncLoad";
			path = "../../UIImageView+AsyncLoad";
			sourceTree = "<group>";
		};
		87551DA21DF0259500930A88 = {
			isa = PBXGroup;
			children = (
				87551DAD1DF0259500930A88 /* DownloadImagesSample */,
				87551DAC1DF0259500930A88 /* Products */,
			);
			sourceTree = "<group>";
		};
		87551DAC1DF0259500930A88 /* Products */ = {
			isa = PBXGroup;
			children = (
				87551DAB1DF0259500930A88 /* DownloadImagesSample.app */,
			);
			name = Products;
			sourceTree = "<group>";
		};
		87551DAD1DF0259500930A88 /* DownloadImagesSample */ = {
			isa = PBXGroup;
			children = (
				87551DAE1DF0259500930A88 /* AppDelegate.swift */,
				87551DC01DF0274800930A88 /* DataManager.swift */,
				87551DB21DF0259500930A88 /* Main.storyboard */,
				87551DC41DF02DA900930A88 /* ImageViewCell.swift */,
				87551DC61DF02DEF00930A88 /* ImagesCollectionViewController.swift */,
				87357E7E1E505ACB00391157 /* UIImageView+AsyncLoad */,
				87551DB51DF0259500930A88 /* Assets.xcassets */,
				87551DB71DF0259500930A88 /* LaunchScreen.storyboard */,
				87551DBA1DF0259500930A88 /* Info.plist */,
			);
			path = DownloadImagesSample;
			sourceTree = "<group>";
		};
/* End PBXGroup section */

/* Begin PBXNativeTarget section */
		87551DAA1DF0259500930A88 /* DownloadImagesSample */ = {
			isa = PBXNativeTarget;
			buildConfigurationList = 87551DBD1DF0259500930A88 /* Build configuration list for PBXNativeTarget "DownloadImagesSample" */;
			buildPhases = (
				87551DA71DF0259500930A88 /* Sources */,
				87551DA81DF0259500930A88 /* Frameworks */,
				87551DA91DF0259500930A88 /* Resources */,
			);
			buildRules = (
			);
			dependencies = (
			);
			name = DownloadImagesSample;
			productName = DownloadImagesSample;
			productReference = 87551DAB1DF0259500930A88 /* DownloadImagesSample.app */;
			productType = "com.apple.product-type.application";
		};
/* End PBXNativeTarget section */

/* Begin PBXProject section */
		87551DA31DF0259500930A88 /* Project object */ = {
			isa = PBXProject;
			attributes = {
				LastSwiftUpdateCheck = 0810;
				LastUpgradeCheck = 0820;
				ORGANIZATIONNAME = "Vinodh Swamy";
				TargetAttributes = {
					87551DAA1DF0259500930A88 = {
						CreatedOnToolsVersion = 8.1;
						DevelopmentTeam = Q8K276U645;
						ProvisioningStyle = Automatic;
					};
				};
			};
			buildConfigurationList = 87551DA61DF0259500930A88 /* Build configuration list for PBXProject "DownloadImagesSample" */;
			compatibilityVersion = "Xcode 3.2";
			developmentRegion = English;
			hasScannedForEncodings = 0;
			knownRegions = (
				en,
				Base,
			);
			mainGroup = 87551DA21DF0259500930A88;
			productRefGroup = 87551DAC1DF0259500930A88 /* Products */;
			projectDirPath = "";
			projectRoot = "";
			targets = (
				87551DAA1DF0259500930A88 /* DownloadImagesSample */,
			);
		};
/* End PBXProject section */

/* Begin PBXResourcesBuildPhase section */
		87551DA91DF0259500930A88 /* Resources */ = {
			isa = PBXResourcesBuildPhase;
			buildActionMask = 2147483647;
			files = (
				87551DB91DF0259500930A88 /* LaunchScreen.storyboard in Resources */,
				87551DB61DF0259500930A88 /* Assets.xcassets in Resources */,
				87551DB41DF0259500930A88 /* Main.storyboard in Resources */,
			);
			runOnlyForDeploymentPostprocessing = 0;
		};
/* End PBXResourcesBuildPhase section */

/* Begin PBXSourcesBuildPhase section */
		87551DA71DF0259500930A88 /* Sources */ = {
			isa = PBXSourcesBuildPhase;
			buildActionMask = 2147483647;
			files = (
				87551DC71DF02DEF00930A88 /* ImagesCollectionViewController.swift in Sources */,
				87551DC11DF0274800930A88 /* DataManager.swift in Sources */,
				87551DC51DF02DA900930A88 /* ImageViewCell.swift in Sources */,
				87357E811E505ACB00391157 /* ImageDownloadManager.swift in Sources */,
				87551DAF1DF0259500930A88 /* AppDelegate.swift in Sources */,
				87357E821E505ACB00391157 /* UIImageView+AsyncLoad.swift in Sources */,
			);
			runOnlyForDeploymentPostprocessing = 0;
		};
/* End PBXSourcesBuildPhase section */

/* Begin PBXVariantGroup section */
		87551DB21DF0259500930A88 /* Main.storyboard */ = {
			isa = PBXVariantGroup;
			children = (
				87551DB31DF0259500930A88 /* Base */,
			);
			name = Main.storyboard;
			sourceTree = "<group>";
		};
		87551DB71DF0259500930A88 /* LaunchScreen.storyboard */ = {
			isa = PBXVariantGroup;
			children = (
				87551DB81DF0259500930A88 /* Base */,
			);
			name = LaunchScreen.storyboard;
			sourceTree = "<group>";
		};
/* End PBXVariantGroup section */

/* Begin XCBuildConfiguration section */
		87551DBB1DF0259500930A88 /* Debug */ = {
			isa = XCBuildConfiguration;
			buildSettings = {
				ALWAYS_SEARCH_USER_PATHS = NO;
				CLANG_ANALYZER_NONNULL = YES;
				CLANG_CXX_LANGUAGE_STANDARD = "gnu++0x";
				CLANG_CXX_LIBRARY = "libc++";
				CLANG_ENABLE_MODULES = YES;
				CLANG_ENABLE_OBJC_ARC = YES;
				CLANG_WARN_BOOL_CONVERSION = YES;
				CLANG_WARN_CONSTANT_CONVERSION = YES;
				CLANG_WARN_DIRECT_OBJC_ISA_USAGE = YES_ERROR;
				CLANG_WARN_DOCUMENTATION_COMMENTS = YES;
				CLANG_WARN_EMPTY_BODY = YES;
				CLANG_WARN_ENUM_CONVERSION = YES;
				CLANG_WARN_INFINITE_RECURSION = YES;
				CLANG_WARN_INT_CONVERSION = YES;
				CLANG_WARN_OBJC_ROOT_CLASS = YES_ERROR;
				CLANG_WARN_SUSPICIOUS_MOVE = YES;
				CLANG_WARN_SUSPICIOUS_MOVES = YES;
				CLANG_WARN_UNREACHABLE_CODE = YES;
				CLANG_WARN__DUPLICATE_METHOD_MATCH = YES;
				"CODE_SIGN_IDENTITY[sdk=iphoneos*]" = "iPhone Developer";
				COPY_PHASE_STRIP = NO;
				DEBUG_INFORMATION_FORMAT = dwarf;
				ENABLE_STRICT_OBJC_MSGSEND = YES;
				ENABLE_TESTABILITY = YES;
				GCC_C_LANGUAGE_STANDARD = gnu99;
				GCC_DYNAMIC_NO_PIC = NO;
				GCC_NO_COMMON_BLOCKS = YES;
				GCC_OPTIMIZATION_LEVEL = 0;
				GCC_PREPROCESSOR_DEFINITIONS = (
					"DEBUG=1",
					"$(inherited)",
				);
				GCC_WARN_64_TO_32_BIT_CONVERSION = YES;
				GCC_WARN_ABOUT_RETURN_TYPE = YES_ERROR;
				GCC_WARN_UNDECLARED_SELECTOR = YES;
				GCC_WARN_UNINITIALIZED_AUTOS = YES_AGGRESSIVE;
				GCC_WARN_UNUSED_FUNCTION = YES;
				GCC_WARN_UNUSED_VARIABLE = YES;
				IPHONEOS_DEPLOYMENT_TARGET = 10.1;
				MTL_ENABLE_DEBUG_INFO = YES;
				ONLY_ACTIVE_ARCH = YES;
				SDKROOT = iphoneos;
				SWIFT_ACTIVE_COMPILATION_CONDITIONS = DEBUG;
				SWIFT_OPTIMIZATION_LEVEL = "-Onone";
				TARGETED_DEVICE_FAMILY = "1,2";
			};
			name = Debug;
		};
		87551DBC1DF0259500930A88 /* Release */ = {
			isa = XCBuildConfiguration;
			buildSettings = {
				ALWAYS_SEARCH_USER_PATHS = NO;
				CLANG_ANALYZER_NONNULL = YES;
				CLANG_CXX_LANGUAGE_STANDARD = "gnu++0x";
				CLANG_CXX_LIBRARY = "libc++";
				CLANG_ENABLE_MODULES = YES;
				CLANG_ENABLE_OBJC_ARC = YES;
				CLANG_WARN_BOOL_CONVERSION = YES;
				CLANG_WARN_CONSTANT_CONVERSION = YES;
				CLANG_WARN_DIRECT_OBJC_ISA_USAGE = YES_ERROR;
				CLANG_WARN_DOCUMENTATION_COMMENTS = YES;
				CLANG_WARN_EMPTY_BODY = YES;
				CLANG_WARN_ENUM_CONVERSION = YES;
				CLANG_WARN_INFINITE_RECURSION = YES;
				CLANG_WARN_INT_CONVERSION = YES;
				CLANG_WARN_OBJC_ROOT_CLASS = YES_ERROR;
				CLANG_WARN_SUSPICIOUS_MOVE = YES;
				CLANG_WARN_SUSPICIOUS_MOVES = YES;
				CLANG_WARN_UNREACHABLE_CODE = YES;
				CLANG_WARN__DUPLICATE_METHOD_MATCH = YES;
				"CODE_SIGN_IDENTITY[sdk=iphoneos*]" = "iPhone Developer";
				COPY_PHASE_STRIP = NO;
				DEBUG_INFORMATION_FORMAT = "dwarf-with-dsym";
				ENABLE_NS_ASSERTIONS = NO;
				ENABLE_STRICT_OBJC_MSGSEND = YES;
				GCC_C_LANGUAGE_STANDARD = gnu99;
				GCC_NO_COMMON_BLOCKS = YES;
				GCC_WARN_64_TO_32_BIT_CONVERSION = YES;
				GCC_WARN_ABOUT_RETURN_TYPE = YES_ERROR;
				GCC_WARN_UNDECLARED_SELECTOR = YES;
				GCC_WARN_UNINITIALIZED_AUTOS = YES_AGGRESSIVE;
				GCC_WARN_UNUSED_FUNCTION = YES;
				GCC_WARN_UNUSED_VARIABLE = YES;
				IPHONEOS_DEPLOYMENT_TARGET = 10.1;
				MTL_ENABLE_DEBUG_INFO = NO;
				SDKROOT = iphoneos;
				SWIFT_OPTIMIZATION_LEVEL = "-Owholemodule";
				TARGETED_DEVICE_FAMILY = "1,2";
				VALIDATE_PRODUCT = YES;
			};
			name = Release;
		};
		87551DBE1DF0259500930A88 /* Debug */ = {
			isa = XCBuildConfiguration;
			buildSettings = {
				ASSETCATALOG_COMPILER_APPICON_NAME = AppIcon;
				DEVELOPMENT_TEAM = Q8K276U645;
				INFOPLIST_FILE = DownloadImagesSample/Info.plist;
				LD_RUNPATH_SEARCH_PATHS = "$(inherited) @executable_path/Frameworks";
				PRODUCT_BUNDLE_IDENTIFIER = mycom.DownloadImagesSample;
				PRODUCT_NAME = "$(TARGET_NAME)";
				SWIFT_VERSION = 3.0;
			};
			name = Debug;
		};
		87551DBF1DF0259500930A88 /* Release */ = {
			isa = XCBuildConfiguration;
			buildSettings = {
				ASSETCATALOG_COMPILER_APPICON_NAME = AppIcon;
				DEVELOPMENT_TEAM = Q8K276U645;
				INFOPLIST_FILE = DownloadImagesSample/Info.plist;
				LD_RUNPATH_SEARCH_PATHS = "$(inherited) @executable_path/Frameworks";
				PRODUCT_BUNDLE_IDENTIFIER = mycom.DownloadImagesSample;
				PRODUCT_NAME = "$(TARGET_NAME)";
				SWIFT_VERSION = 3.0;
			};
			name = Release;
		};
/* End XCBuildConfiguration section */

/* Begin XCConfigurationList section */
		87551DA61DF0259500930A88 /* Build configuration list for PBXProject "DownloadImagesSample" */ = {
			isa = XCConfigurationList;
			buildConfigurations = (
				87551DBB1DF0259500930A88 /* Debug */,
				87551DBC1DF0259500930A88 /* Release */,
			);
			defaultConfigurationIsVisible = 0;
			defaultConfigurationName = Release;
		};
		87551DBD1DF0259500930A88 /* Build configuration list for PBXNativeTarget "DownloadImagesSample" */ = {
			isa = XCConfigurationList;
			buildConfigurations = (
				87551DBE1DF0259500930A88 /* Debug */,
				87551DBF1DF0259500930A88 /* Release */,
			);
			defaultConfigurationIsVisible = 0;
			defaultConfigurationName = Release;
		};
/* End XCConfigurationList section */
	};
	rootObject = 87551DA31DF0259500930A88 /* Project object */;
}
